{
  "version": 4,
  "terraform_version": "1.8.1",
  "serial": 19,
  "lineage": "564a45ad-e91e-0946-6c4b-b8d9af27719c",
  "outputs": {},
  "resources": [
    {
      "mode": "data",
      "type": "aws_apigatewayv2_api",
      "name": "target",
      "provider": "provider[\"registry.terraform.io/hashicorp/aws\"]",
      "instances": [
        {
          "schema_version": 0,
          "attributes": {
            "api_endpoint": "https://fa1xmc5uj9.execute-api.us-east-1.amazonaws.com",
            "api_id": "fa1xmc5uj9",
            "api_key_selection_expression": "$request.header.x-api-key",
            "arn": "arn:aws:apigateway:us-east-1::/apis/fa1xmc5uj9",
            "cors_configuration": [],
            "description": "",
            "disable_execute_api_endpoint": false,
            "execution_arn": "arn:aws:execute-api:us-east-1:112611829658:fa1xmc5uj9",
            "id": "fa1xmc5uj9",
            "ip_address_type": "ipv4",
            "name": "unified-agent-api",
            "protocol_type": "HTTP",
            "route_selection_expression": "$request.method $request.path",
            "tags": {},
            "version": ""
          },
          "sensitive_attributes": []
        }
      ]
    },
    {
      "mode": "data",
      "type": "aws_iam_policy",
      "name": "lambda_access_params_secrets",
      "provider": "provider[\"registry.terraform.io/hashicorp/aws\"]",
      "instances": [
        {
          "schema_version": 0,
          "attributes": {
            "arn": "arn:aws:iam::112611829658:policy/lambda_read_ssm_secrets",
            "attachment_count": 1,
            "description": "Allow Lambda to read SSM Parameter Store and Secrets Manager",
            "id": "arn:aws:iam::112611829658:policy/lambda_read_ssm_secrets",
            "name": "lambda_read_ssm_secrets",
            "path": "/",
            "path_prefix": null,
            "policy": "{\"Statement\":[{\"Action\":[\"ssm:GetParameter\",\"ssm:GetParameters\",\"ssm:GetParametersByPath\",\"ssm:DescribeParameters\"],\"Effect\":\"Allow\",\"Resource\":\"*\",\"Sid\":\"SSMReadAccess\"},{\"Action\":[\"secretsmanager:GetSecretValue\",\"secretsmanager:DescribeSecret\"],\"Effect\":\"Allow\",\"Resource\":\"*\",\"Sid\":\"SecretsManagerReadAccess\"},{\"Action\":[\"ec2:CreateNetworkInterface\",\"ec2:DescribeNetworkInterfaces\",\"ec2:DeleteNetworkInterface\"],\"Effect\":\"Allow\",\"Resource\":\"*\",\"Sid\":\"VPCNetworking\"}],\"Version\":\"2012-10-17\"}",
            "policy_id": "ANPARUOBQE6NNT5LIIW2K",
            "tags": {}
          },
          "sensitive_attributes": []
        }
      ]
    },
    {
      "mode": "data",
      "type": "aws_iam_role",
      "name": "lambda_role",
      "provider": "provider[\"registry.terraform.io/hashicorp/aws\"]",
      "instances": [
        {
          "schema_version": 0,
          "attributes": {
            "arn": "arn:aws:iam::112611829658:role/lambda_ssm_secrets_role",
            "assume_role_policy": "{\"Version\":\"2012-10-17\",\"Statement\":[{\"Effect\":\"Allow\",\"Principal\":{\"Service\":\"lambda.amazonaws.com\"},\"Action\":\"sts:AssumeRole\"}]}",
            "create_date": "2025-05-20T20:20:50Z",
            "description": "",
            "id": "lambda_ssm_secrets_role",
            "max_session_duration": 3600,
            "name": "lambda_ssm_secrets_role",
            "path": "/",
            "permissions_boundary": "",
            "role_last_used": [
              {
                "last_used_date": "2025-05-21T00:14:32Z",
                "region": "us-east-1"
              }
            ],
            "tags": {},
            "unique_id": "AROARUOBQE6NIYVVZOMMI"
          },
          "sensitive_attributes": []
        }
      ]
    },
    {
      "mode": "data",
      "type": "aws_vpc",
      "name": "default",
      "provider": "provider[\"registry.terraform.io/hashicorp/aws\"]",
      "instances": [
        {
          "schema_version": 0,
          "attributes": {
            "arn": "arn:aws:ec2:us-east-1:112611829658:vpc/vpc-087232d9cf9cb93fb",
            "cidr_block": "172.31.0.0/16",
            "cidr_block_associations": [
              {
                "association_id": "vpc-cidr-assoc-090134a3d6231e014",
                "cidr_block": "172.31.0.0/16",
                "state": "associated"
              }
            ],
            "default": true,
            "dhcp_options_id": "dopt-07acce43ee201a669",
            "enable_dns_hostnames": true,
            "enable_dns_support": true,
            "enable_network_address_usage_metrics": false,
            "filter": null,
            "id": "vpc-087232d9cf9cb93fb",
            "instance_tenancy": "default",
            "ipv6_association_id": "",
            "ipv6_cidr_block": "",
            "main_route_table_id": "rtb-0a9c868c0f736e508",
            "owner_id": "112611829658",
            "state": null,
            "tags": {},
            "timeouts": null
          },
          "sensitive_attributes": []
        }
      ]
    },
    {
      "mode": "managed",
      "type": "aws_iam_policy",
      "name": "lambda_access_params_and_access_and_write_secrets",
      "provider": "provider[\"registry.terraform.io/hashicorp/aws\"]",
      "instances": [
        {
          "schema_version": 0,
          "attributes": {
            "arn": "arn:aws:iam::112611829658:policy/lambda_read_and_write_ssm_secrets",
            "attachment_count": 0,
            "description": "Allow Lambda to read/write SSM and Secrets Manager",
            "id": "arn:aws:iam::112611829658:policy/lambda_read_and_write_ssm_secrets",
            "name": "lambda_read_and_write_ssm_secrets",
            "name_prefix": "",
            "path": "/",
            "policy": "{\"Statement\":[{\"Action\":[\"ssm:GetParameter\",\"ssm:GetParameters\",\"ssm:GetParametersByPath\",\"ssm:DescribeParameters\"],\"Effect\":\"Allow\",\"Resource\":\"*\",\"Sid\":\"SSMReadAccess\"},{\"Action\":[\"secretsmanager:GetSecretValue\",\"secretsmanager:DescribeSecret\",\"secretsmanager:PutSecretValue\"],\"Effect\":\"Allow\",\"Resource\":\"*\",\"Sid\":\"SecretsManagerAccess\"},{\"Action\":[\"ec2:CreateNetworkInterface\",\"ec2:DescribeNetworkInterfaces\",\"ec2:DeleteNetworkInterface\"],\"Effect\":\"Allow\",\"Resource\":\"*\",\"Sid\":\"VPCNetworking\"}],\"Version\":\"2012-10-17\"}",
            "policy_id": "ANPARUOBQE6NAXPVQAMZC",
            "tags": null,
            "tags_all": {}
          },
          "sensitive_attributes": [],
          "private": "bnVsbA=="
        }
      ]
    },
    {
      "mode": "managed",
      "type": "aws_iam_role_policy_attachment",
      "name": "attach_lambda_policy",
      "provider": "provider[\"registry.terraform.io/hashicorp/aws\"]",
      "instances": [
        {
          "schema_version": 0,
          "attributes": {
            "id": "lambda_ssm_secrets_role-20250521001347711200000002",
            "policy_arn": "arn:aws:iam::112611829658:policy/lambda_read_ssm_secrets",
            "role": "lambda_ssm_secrets_role"
          },
          "sensitive_attributes": [],
          "private": "bnVsbA==",
          "dependencies": [
            "data.aws_iam_policy.lambda_access_params_secrets",
            "data.aws_iam_role.lambda_role"
          ]
        }
      ]
    },
    {
      "mode": "managed",
      "type": "aws_iam_role_policy_attachment",
      "name": "basic_execution",
      "provider": "provider[\"registry.terraform.io/hashicorp/aws\"]",
      "instances": [
        {
          "schema_version": 0,
          "attributes": {
            "id": "lambda_ssm_secrets_role-20250521001347702000000001",
            "policy_arn": "arn:aws:iam::aws:policy/service-role/AWSLambdaBasicExecutionRole",
            "role": "lambda_ssm_secrets_role"
          },
          "sensitive_attributes": [],
          "private": "bnVsbA==",
          "dependencies": [
            "data.aws_iam_role.lambda_role"
          ]
        }
      ]
    },
    {
      "mode": "managed",
      "type": "aws_lambda_function",
      "name": "function_lambda",
      "provider": "provider[\"registry.terraform.io/hashicorp/aws\"]",
      "instances": [
        {
          "schema_version": 0,
          "attributes": {
            "architectures": [
              "x86_64"
            ],
            "arn": "arn:aws:lambda:us-east-1:112611829658:function:google_auth_callback_lambda",
            "code_sha256": "aKtm6YbTfnHGo4SzlZavQmvOjaKhOu8Axuh2rh9MAf0=",
            "code_signing_config_arn": "",
            "dead_letter_config": [],
            "description": "",
            "environment": [],
            "ephemeral_storage": [
              {
                "size": 512
              }
            ],
            "file_system_config": [],
            "filename": "./../lambda_function.zip",
            "function_name": "google_auth_callback_lambda",
            "handler": "index.handler",
            "id": "google_auth_callback_lambda",
            "image_config": [],
            "image_uri": "",
            "invoke_arn": "arn:aws:apigateway:us-east-1:lambda:path/2015-03-31/functions/arn:aws:lambda:us-east-1:112611829658:function:google_auth_callback_lambda/invocations",
            "kms_key_arn": "",
            "last_modified": "2025-05-21T00:21:43.000+0000",
            "layers": [],
            "logging_config": [
              {
                "application_log_level": "",
                "log_format": "Text",
                "log_group": "/aws/lambda/google_auth_callback_lambda",
                "system_log_level": ""
              }
            ],
            "memory_size": 128,
            "package_type": "Zip",
            "publish": false,
            "qualified_arn": "arn:aws:lambda:us-east-1:112611829658:function:google_auth_callback_lambda:$LATEST",
            "qualified_invoke_arn": "arn:aws:apigateway:us-east-1:lambda:path/2015-03-31/functions/arn:aws:lambda:us-east-1:112611829658:function:google_auth_callback_lambda:$LATEST/invocations",
            "replace_security_groups_on_destroy": null,
            "replacement_security_group_ids": null,
            "reserved_concurrent_executions": -1,
            "role": "arn:aws:iam::112611829658:role/lambda_ssm_secrets_role",
            "runtime": "nodejs18.x",
            "s3_bucket": null,
            "s3_key": null,
            "s3_object_version": null,
            "signing_job_arn": "",
            "signing_profile_version_arn": "",
            "skip_destroy": false,
            "snap_start": [],
            "source_code_hash": "aKtm6YbTfnHGo4SzlZavQmvOjaKhOu8Axuh2rh9MAf0=",
            "source_code_size": 16149988,
            "tags": {},
            "tags_all": {},
            "timeout": 120,
            "timeouts": null,
            "tracing_config": [
              {
                "mode": "PassThrough"
              }
            ],
            "version": "$LATEST",
            "vpc_config": []
          },
          "sensitive_attributes": [],
          "private": "eyJlMmJmYjczMC1lY2FhLTExZTYtOGY4OC0zNDM2M2JjN2M0YzAiOnsiY3JlYXRlIjo2MDAwMDAwMDAwMDAsImRlbGV0ZSI6NjAwMDAwMDAwMDAwLCJ1cGRhdGUiOjYwMDAwMDAwMDAwMH19",
          "dependencies": [
            "data.aws_iam_role.lambda_role"
          ]
        }
      ]
    },
    {
      "mode": "managed",
      "type": "aws_lambda_permission",
      "name": "allow_api_gateway",
      "provider": "provider[\"registry.terraform.io/hashicorp/aws\"]",
      "instances": [
        {
          "schema_version": 0,
          "attributes": {
            "action": "lambda:InvokeFunction",
            "event_source_token": null,
            "function_name": "google_auth_callback_lambda",
            "function_url_auth_type": null,
            "id": "AllowExecutionFromAPIGateway",
            "principal": "apigateway.amazonaws.com",
            "principal_org_id": null,
            "qualifier": "",
            "source_account": null,
            "source_arn": "arn:aws:execute-api:us-east-1:112611829658:fa1xmc5uj9/*",
            "statement_id": "AllowExecutionFromAPIGateway",
            "statement_id_prefix": ""
          },
          "sensitive_attributes": [],
          "private": "bnVsbA==",
          "dependencies": [
            "aws_lambda_function.function_lambda",
            "data.aws_apigatewayv2_api.target",
            "data.aws_iam_role.lambda_role"
          ]
        }
      ]
    }
  ],
  "check_results": null
}
